{
  "name": "___PROJECT_NAME___",
  "version": "0.0.1",
  "lockfileVersion": 1,
  "requires": true,
  "dependencies": {
    "@stencil/core": {
      "version": "1.0.0",
      "resolved": "https://home.www.uprr.com/artifactory/api/npm/npm-all-virtual/@stencil/core/-/core-1.0.0.tgz",
      "integrity": "sha1-YCFtKIsRjaqIFRpKlBVLVJ+Dvj8=",
      "dev": true,
      "requires": {
        "typescript": "3.5.1"
      }
    },
    "typescript": {
      "version": "3.5.1",
      "resolved": "https://home.www.uprr.com/artifactory/api/npm/npm-all-virtual/typescript/-/typescript-3.5.1.tgz",
      "integrity": "sha1-unKmpgCyFYE5xd2IUPcA4jFGQgI=",
      "dev": true
    }
  }
}
