{
  "name": "stencil-starter-project-name",
  "version": "0.0.1",
  "lockfileVersion": 1,
  "requires": true,
  "dependencies": {
    "@stencil/core": {
      "version": "1.9.0-14",
      "resolved": "https://home.www.uprr.com/artifactory/api/npm/npm-all-virtual/@stencil/core/-/core-1.9.0-14.tgz",
      "integrity": "sha1-IenDkWiY3S5//Ult58j1cqtPRtU=",
      "dev": true,
      "requires": {
        "typescript": "3.7.5"
      }
    },
    "lit-element": {
      "version": "2.2.1",
      "resolved": "https://home.www.uprr.com/artifactory/api/npm/npm-all-virtual/lit-element/-/lit-element-2.2.1.tgz",
      "integrity": "sha1-eclNjP3C1zskVlbjeZG9HkgR2W8=",
      "requires": {
        "lit-html": "^1.0.0"
      }
    },
    "lit-html": {
      "version": "1.1.2",
      "resolved": "https://home.www.uprr.com/artifactory/api/npm/npm-all-virtual/lit-html/-/lit-html-1.1.2.tgz",
      "integrity": "sha1-LjVgpwdSECQ2SciIrXOOrw2qg3Q="
    },
    "typescript": {
      "version": "3.7.5",
      "resolved": "https://home.www.uprr.com/artifactory/api/npm/npm-all-virtual/typescript/-/typescript-3.7.5.tgz",
      "integrity": "sha1-BpLiH2X9QQi5MwI4qsEd0uF3oa4=",
      "dev": true
    }
  }
}
