{
  "name": "stencil-starter-project-name",
  "version": "0.0.1",
  "lockfileVersion": 1,
  "requires": true,
  "dependencies": {
    "@stencil/core": {
      "version": "1.9.0-23",
      "resolved": "https://home.www.uprr.com/artifactory/api/npm/npm-all-virtual/@stencil/core/-/core-1.9.0-23.tgz",
      "integrity": "sha1-8IDlRwC6dtbStos1BOuTCrAi7jk=",
      "dev": true,
      "requires": {
        "typescript": "3.8.3"
      }
    },
    "typescript": {
      "version": "3.8.3",
      "resolved": "https://home.www.uprr.com/artifactory/api/npm/npm-all-virtual/typescript/-/typescript-3.8.3.tgz",
      "integrity": "sha1-QJ64VE6gM1cRIFhp7EWKsQnuEGE=",
      "dev": true
    }
  }
}
